
Microsoft Visual Studio Solution File, Format Version 12.00
# Visual Studio Version 16
VisualStudioVersion = 16.0.31911.196
MinimumVisualStudioVersion = 10.0.40219.1
Project("{8BC9CEB8-8B4A-11D0-8D11-00A0C91BC942}") = "BeeMod Music Adder 2", "BeeMod Music Adder 2\BeeMod Music Adder 2.vcxproj", "{EF18D6A1-4796-49D0-AD34-DD2B5DBD596A}"
EndProject
Global
	GlobalSection(SolutionConfigurationPlatforms) = preSolution
		Debug|x64 = Debug|x64
		Debug|x86 = Debug|x86
		Release|x64 = Release|x64
		Release|x86 = Release|x86
	EndGlobalSection
	GlobalSection(ProjectConfigurationPlatforms) = postSolution
		{EF18D6A1-4796-49D0-AD34-DD2B5DBD596A}.Debug|x64.ActiveCfg = Debug|x64
		{EF18D6A1-4796-49D0-AD34-DD2B5DBD596A}.Debug|x64.Build.0 = Debug|x64
		{EF18D6A1-4796-49D0-AD34-DD2B5DBD596A}.Debug|x86.ActiveCfg = Debug|Win32
		{EF18D6A1-4796-49D0-AD34-DD2B5DBD596A}.Debug|x86.Build.0 = Debug|Win32
		{EF18D6A1-4796-49D0-AD34-DD2B5DBD596A}.Release|x64.ActiveCfg = Release|x64
		{EF18D6A1-4796-49D0-AD34-DD2B5DBD596A}.Release|x64.Build.0 = Release|x64
		{EF18D6A1-4796-49D0-AD34-DD2B5DBD596A}.Release|x86.ActiveCfg = Release|Win32
		{EF18D6A1-4796-49D0-AD34-DD2B5DBD596A}.Release|x86.Build.0 = Release|Win32
	EndGlobalSection
	GlobalSection(SolutionProperties) = preSolution
		HideSolutionNode = FALSE
	EndGlobalSection
	GlobalSection(ExtensibilityGlobals) = postSolution
		SolutionGuid = {A6B24D81-96EA-4E68-B5E1-3F32B651487F}
	EndGlobalSection
EndGlobal
